
Microsoft Visual Studio Solution File, Format Version 12.00
# Visual Studio Version 17
VisualStudioVersion = 17.13.35931.197
MinimumVisualStudioVersion = 10.0.40219.1
Project("{FAE04EC0-301F-11D3-BF4B-00C04F79EFBC}") = "Hillel_Homework_4.1", "Hillel_Homework_4.1\Hillel_Homework_4.1.csproj", "{3FAE8839-25F5-8CEE-B6A1-62ACBE7BBB20}"
EndProject
Project("{FAE04EC0-301F-11D3-BF4B-00C04F79EFBC}") = "Hillel_Homework_4.2", "Hillel_Homework_4.2\Hillel_Homework_4.2.csproj", "{3C90AF83-7C2E-0899-631F-D5BA56E0DC17}"
EndProject
Project("{FAE04EC0-301F-11D3-BF4B-00C04F79EFBC}") = "Hillel_Homework_5.1", "Homework_5.1\Hillel_Homework_5.1.csproj", "{C030DF3C-2A16-4701-AD93-41978B2519E4}"
EndProject
Project("{FAE04EC0-301F-11D3-BF4B-00C04F79EFBC}") = "Hillel_Homework_5.2", "Homework_5.2\Hillel_Homework_5.2.csproj", "{C4F42293-3DB5-4D59-8DFB-F4C3B094F2F9}"
EndProject
Project("{FAE04EC0-301F-11D3-BF4B-00C04F79EFBC}") = "Hillel_Homework_6.1.1", "Hillel_Homework_6.1.1\Hillel_Homework_6.1.1.csproj", "{E6B43EAC-845D-4342-9B32-A6C8AC29DA60}"
EndProject
Project("{FAE04EC0-301F-11D3-BF4B-00C04F79EFBC}") = "Hillel_Homework_6.1.2", "Hillel_Homework_6.1.2\Hillel_Homework_6.1.2.csproj", "{A2503400-87D3-409A-9657-44A191AC94B2}"
EndProject
Project("{FAE04EC0-301F-11D3-BF4B-00C04F79EFBC}") = "Hillel_Homework_6.1.3", "Hillel_Homework_6.1.3\Hillel_Homework_6.1.3.csproj", "{38C90F75-C508-435C-8FD6-8807103DFEAD}"
EndProject
Project("{FAE04EC0-301F-11D3-BF4B-00C04F79EFBC}") = "Hillel_Homework_6.1.4", "Hillel_Homework_6.1.4\Hillel_Homework_6.1.4.csproj", "{30DA315E-C281-4998-8796-6261AC77095F}"
EndProject
Project("{FAE04EC0-301F-11D3-BF4B-00C04F79EFBC}") = "Hillel_Homework_6.1.5", "Hillel_Homework_6.1.5\Hillel_Homework_6.1.5.csproj", "{96826A95-B6D0-4FA9-A136-35A4940E7A32}"
EndProject
Project("{FAE04EC0-301F-11D3-BF4B-00C04F79EFBC}") = "Hillel_Homework_6.1.6", "Hillel_Homework_6.1.6\Hillel_Homework_6.1.6.csproj", "{1F09B722-DB87-403B-98BE-1CB42C45BAF5}"
EndProject
Project("{FAE04EC0-301F-11D3-BF4B-00C04F79EFBC}") = "Hillel_Homework_6.1.7", "Hillel_Homework_6.1.7\Hillel_Homework_6.1.7.csproj", "{555CF55A-D4D8-4DD9-A736-88FF9D5AC423}"
EndProject
Project("{FAE04EC0-301F-11D3-BF4B-00C04F79EFBC}") = "Hillel_Homework_6.1.8", "Hillel_Homework_6.1.8\Hillel_Homework_6.1.8.csproj", "{11AE48A2-8E9F-40FC-963C-6566F1E538C4}"
EndProject
Project("{FAE04EC0-301F-11D3-BF4B-00C04F79EFBC}") = "Hillel_Homework_7.1", "Hillel_Homework_7.1\Hillel_Homework_7.1.csproj", "{453D0E66-56EE-49C6-8CB7-F222D7C57F32}"
EndProject
Project("{FAE04EC0-301F-11D3-BF4B-00C04F79EFBC}") = "Hillel_Homework_8.1", "Hillel_Homework_8.1\Hillel_Homework_8.1.csproj", "{F2E61222-5F5F-4CC8-8460-223C44BD355B}"
EndProject
Project("{FAE04EC0-301F-11D3-BF4B-00C04F79EFBC}") = "Hillel_Homework_9.1", "Hillel_Homework_9.1\Hillel_Homework_9.1.csproj", "{8BE4D812-D476-424F-836E-D6BABA6247E3}"
EndProject
Project("{FAE04EC0-301F-11D3-BF4B-00C04F79EFBC}") = "Hillel_Homework_10.1", "Hillel_Homework_10.1\Hillel_Homework_10.1.csproj", "{B7766A25-82D1-4384-9E58-B1A43A80BDAB}"
EndProject
Project("{FAE04EC0-301F-11D3-BF4B-00C04F79EFBC}") = "Hillel_Homework_10.2", "Hillel_Homework_10.2\Hillel_Homework_10.2.csproj", "{D53AC57B-28FC-4C32-9381-5E610AD7B372}"
EndProject
Project("{FAE04EC0-301F-11D3-BF4B-00C04F79EFBC}") = "Hillel_Homework_10.3", "Hillel_Homework_10.3\Hillel_Homework_10.3.csproj", "{4998C9C5-9D43-43CE-B3E4-84C24DEDE816}"
EndProject
Project("{FAE04EC0-301F-11D3-BF4B-00C04F79EFBC}") = "Hillel_Homework_11.1", "Hillel_Homework_11.1\Hillel_Homework_11.1.csproj", "{E4E8B1B8-782B-457A-918F-898962E7669C}"
EndProject
Global
	GlobalSection(SolutionConfigurationPlatforms) = preSolution
		Debug|Any CPU = Debug|Any CPU
		Debug|x64 = Debug|x64
		Debug|x86 = Debug|x86
		Release|Any CPU = Release|Any CPU
		Release|x64 = Release|x64
		Release|x86 = Release|x86
	EndGlobalSection
	GlobalSection(ProjectConfigurationPlatforms) = postSolution
		{3FAE8839-25F5-8CEE-B6A1-62ACBE7BBB20}.Debug|Any CPU.ActiveCfg = Debug|Any CPU
		{3FAE8839-25F5-8CEE-B6A1-62ACBE7BBB20}.Debug|Any CPU.Build.0 = Debug|Any CPU
		{3FAE8839-25F5-8CEE-B6A1-62ACBE7BBB20}.Debug|x64.ActiveCfg = Debug|Any CPU
		{3FAE8839-25F5-8CEE-B6A1-62ACBE7BBB20}.Debug|x64.Build.0 = Debug|Any CPU
		{3FAE8839-25F5-8CEE-B6A1-62ACBE7BBB20}.Debug|x86.ActiveCfg = Debug|Any CPU
		{3FAE8839-25F5-8CEE-B6A1-62ACBE7BBB20}.Debug|x86.Build.0 = Debug|Any CPU
		{3FAE8839-25F5-8CEE-B6A1-62ACBE7BBB20}.Release|Any CPU.ActiveCfg = Release|Any CPU
		{3FAE8839-25F5-8CEE-B6A1-62ACBE7BBB20}.Release|Any CPU.Build.0 = Release|Any CPU
		{3FAE8839-25F5-8CEE-B6A1-62ACBE7BBB20}.Release|x64.ActiveCfg = Release|Any CPU
		{3FAE8839-25F5-8CEE-B6A1-62ACBE7BBB20}.Release|x64.Build.0 = Release|Any CPU
		{3FAE8839-25F5-8CEE-B6A1-62ACBE7BBB20}.Release|x86.ActiveCfg = Release|Any CPU
		{3FAE8839-25F5-8CEE-B6A1-62ACBE7BBB20}.Release|x86.Build.0 = Release|Any CPU
		{3C90AF83-7C2E-0899-631F-D5BA56E0DC17}.Debug|Any CPU.ActiveCfg = Debug|Any CPU
		{3C90AF83-7C2E-0899-631F-D5BA56E0DC17}.Debug|Any CPU.Build.0 = Debug|Any CPU
		{3C90AF83-7C2E-0899-631F-D5BA56E0DC17}.Debug|x64.ActiveCfg = Debug|Any CPU
		{3C90AF83-7C2E-0899-631F-D5BA56E0DC17}.Debug|x64.Build.0 = Debug|Any CPU
		{3C90AF83-7C2E-0899-631F-D5BA56E0DC17}.Debug|x86.ActiveCfg = Debug|Any CPU
		{3C90AF83-7C2E-0899-631F-D5BA56E0DC17}.Debug|x86.Build.0 = Debug|Any CPU
		{3C90AF83-7C2E-0899-631F-D5BA56E0DC17}.Release|Any CPU.ActiveCfg = Release|Any CPU
		{3C90AF83-7C2E-0899-631F-D5BA56E0DC17}.Release|Any CPU.Build.0 = Release|Any CPU
		{3C90AF83-7C2E-0899-631F-D5BA56E0DC17}.Release|x64.ActiveCfg = Release|Any CPU
		{3C90AF83-7C2E-0899-631F-D5BA56E0DC17}.Release|x64.Build.0 = Release|Any CPU
		{3C90AF83-7C2E-0899-631F-D5BA56E0DC17}.Release|x86.ActiveCfg = Release|Any CPU
		{3C90AF83-7C2E-0899-631F-D5BA56E0DC17}.Release|x86.Build.0 = Release|Any CPU
		{C030DF3C-2A16-4701-AD93-41978B2519E4}.Debug|Any CPU.ActiveCfg = Debug|Any CPU
		{C030DF3C-2A16-4701-AD93-41978B2519E4}.Debug|Any CPU.Build.0 = Debug|Any CPU
		{C030DF3C-2A16-4701-AD93-41978B2519E4}.Debug|x64.ActiveCfg = Debug|Any CPU
		{C030DF3C-2A16-4701-AD93-41978B2519E4}.Debug|x64.Build.0 = Debug|Any CPU
		{C030DF3C-2A16-4701-AD93-41978B2519E4}.Debug|x86.ActiveCfg = Debug|Any CPU
		{C030DF3C-2A16-4701-AD93-41978B2519E4}.Debug|x86.Build.0 = Debug|Any CPU
		{C030DF3C-2A16-4701-AD93-41978B2519E4}.Release|Any CPU.ActiveCfg = Release|Any CPU
		{C030DF3C-2A16-4701-AD93-41978B2519E4}.Release|Any CPU.Build.0 = Release|Any CPU
		{C030DF3C-2A16-4701-AD93-41978B2519E4}.Release|x64.ActiveCfg = Release|Any CPU
		{C030DF3C-2A16-4701-AD93-41978B2519E4}.Release|x64.Build.0 = Release|Any CPU
		{C030DF3C-2A16-4701-AD93-41978B2519E4}.Release|x86.ActiveCfg = Release|Any CPU
		{C030DF3C-2A16-4701-AD93-41978B2519E4}.Release|x86.Build.0 = Release|Any CPU
		{C4F42293-3DB5-4D59-8DFB-F4C3B094F2F9}.Debug|Any CPU.ActiveCfg = Debug|Any CPU
		{C4F42293-3DB5-4D59-8DFB-F4C3B094F2F9}.Debug|Any CPU.Build.0 = Debug|Any CPU
		{C4F42293-3DB5-4D59-8DFB-F4C3B094F2F9}.Debug|x64.ActiveCfg = Debug|Any CPU
		{C4F42293-3DB5-4D59-8DFB-F4C3B094F2F9}.Debug|x64.Build.0 = Debug|Any CPU
		{C4F42293-3DB5-4D59-8DFB-F4C3B094F2F9}.Debug|x86.ActiveCfg = Debug|Any CPU
		{C4F42293-3DB5-4D59-8DFB-F4C3B094F2F9}.Debug|x86.Build.0 = Debug|Any CPU
		{C4F42293-3DB5-4D59-8DFB-F4C3B094F2F9}.Release|Any CPU.ActiveCfg = Release|Any CPU
		{C4F42293-3DB5-4D59-8DFB-F4C3B094F2F9}.Release|Any CPU.Build.0 = Release|Any CPU
		{C4F42293-3DB5-4D59-8DFB-F4C3B094F2F9}.Release|x64.ActiveCfg = Release|Any CPU
		{C4F42293-3DB5-4D59-8DFB-F4C3B094F2F9}.Release|x64.Build.0 = Release|Any CPU
		{C4F42293-3DB5-4D59-8DFB-F4C3B094F2F9}.Release|x86.ActiveCfg = Release|Any CPU
		{C4F42293-3DB5-4D59-8DFB-F4C3B094F2F9}.Release|x86.Build.0 = Release|Any CPU
		{E6B43EAC-845D-4342-9B32-A6C8AC29DA60}.Debug|Any CPU.ActiveCfg = Debug|Any CPU
		{E6B43EAC-845D-4342-9B32-A6C8AC29DA60}.Debug|Any CPU.Build.0 = Debug|Any CPU
		{E6B43EAC-845D-4342-9B32-A6C8AC29DA60}.Debug|x64.ActiveCfg = Debug|Any CPU
		{E6B43EAC-845D-4342-9B32-A6C8AC29DA60}.Debug|x64.Build.0 = Debug|Any CPU
		{E6B43EAC-845D-4342-9B32-A6C8AC29DA60}.Debug|x86.ActiveCfg = Debug|Any CPU
		{E6B43EAC-845D-4342-9B32-A6C8AC29DA60}.Debug|x86.Build.0 = Debug|Any CPU
		{E6B43EAC-845D-4342-9B32-A6C8AC29DA60}.Release|Any CPU.ActiveCfg = Release|Any CPU
		{E6B43EAC-845D-4342-9B32-A6C8AC29DA60}.Release|Any CPU.Build.0 = Release|Any CPU
		{E6B43EAC-845D-4342-9B32-A6C8AC29DA60}.Release|x64.ActiveCfg = Release|Any CPU
		{E6B43EAC-845D-4342-9B32-A6C8AC29DA60}.Release|x64.Build.0 = Release|Any CPU
		{E6B43EAC-845D-4342-9B32-A6C8AC29DA60}.Release|x86.ActiveCfg = Release|Any CPU
		{E6B43EAC-845D-4342-9B32-A6C8AC29DA60}.Release|x86.Build.0 = Release|Any CPU
		{A2503400-87D3-409A-9657-44A191AC94B2}.Debug|Any CPU.ActiveCfg = Debug|Any CPU
		{A2503400-87D3-409A-9657-44A191AC94B2}.Debug|Any CPU.Build.0 = Debug|Any CPU
		{A2503400-87D3-409A-9657-44A191AC94B2}.Debug|x64.ActiveCfg = Debug|Any CPU
		{A2503400-87D3-409A-9657-44A191AC94B2}.Debug|x64.Build.0 = Debug|Any CPU
		{A2503400-87D3-409A-9657-44A191AC94B2}.Debug|x86.ActiveCfg = Debug|Any CPU
		{A2503400-87D3-409A-9657-44A191AC94B2}.Debug|x86.Build.0 = Debug|Any CPU
		{A2503400-87D3-409A-9657-44A191AC94B2}.Release|Any CPU.ActiveCfg = Release|Any CPU
		{A2503400-87D3-409A-9657-44A191AC94B2}.Release|Any CPU.Build.0 = Release|Any CPU
		{A2503400-87D3-409A-9657-44A191AC94B2}.Release|x64.ActiveCfg = Release|Any CPU
		{A2503400-87D3-409A-9657-44A191AC94B2}.Release|x64.Build.0 = Release|Any CPU
		{A2503400-87D3-409A-9657-44A191AC94B2}.Release|x86.ActiveCfg = Release|Any CPU
		{A2503400-87D3-409A-9657-44A191AC94B2}.Release|x86.Build.0 = Release|Any CPU
		{38C90F75-C508-435C-8FD6-8807103DFEAD}.Debug|Any CPU.ActiveCfg = Debug|Any CPU
		{38C90F75-C508-435C-8FD6-8807103DFEAD}.Debug|Any CPU.Build.0 = Debug|Any CPU
		{38C90F75-C508-435C-8FD6-8807103DFEAD}.Debug|x64.ActiveCfg = Debug|Any CPU
		{38C90F75-C508-435C-8FD6-8807103DFEAD}.Debug|x64.Build.0 = Debug|Any CPU
		{38C90F75-C508-435C-8FD6-8807103DFEAD}.Debug|x86.ActiveCfg = Debug|Any CPU
		{38C90F75-C508-435C-8FD6-8807103DFEAD}.Debug|x86.Build.0 = Debug|Any CPU
		{38C90F75-C508-435C-8FD6-8807103DFEAD}.Release|Any CPU.ActiveCfg = Release|Any CPU
		{38C90F75-C508-435C-8FD6-8807103DFEAD}.Release|Any CPU.Build.0 = Release|Any CPU
		{38C90F75-C508-435C-8FD6-8807103DFEAD}.Release|x64.ActiveCfg = Release|Any CPU
		{38C90F75-C508-435C-8FD6-8807103DFEAD}.Release|x64.Build.0 = Release|Any CPU
		{38C90F75-C508-435C-8FD6-8807103DFEAD}.Release|x86.ActiveCfg = Release|Any CPU
		{38C90F75-C508-435C-8FD6-8807103DFEAD}.Release|x86.Build.0 = Release|Any CPU
		{30DA315E-C281-4998-8796-6261AC77095F}.Debug|Any CPU.ActiveCfg = Debug|Any CPU
		{30DA315E-C281-4998-8796-6261AC77095F}.Debug|Any CPU.Build.0 = Debug|Any CPU
		{30DA315E-C281-4998-8796-6261AC77095F}.Debug|x64.ActiveCfg = Debug|Any CPU
		{30DA315E-C281-4998-8796-6261AC77095F}.Debug|x64.Build.0 = Debug|Any CPU
		{30DA315E-C281-4998-8796-6261AC77095F}.Debug|x86.ActiveCfg = Debug|Any CPU
		{30DA315E-C281-4998-8796-6261AC77095F}.Debug|x86.Build.0 = Debug|Any CPU
		{30DA315E-C281-4998-8796-6261AC77095F}.Release|Any CPU.ActiveCfg = Release|Any CPU
		{30DA315E-C281-4998-8796-6261AC77095F}.Release|Any CPU.Build.0 = Release|Any CPU
		{30DA315E-C281-4998-8796-6261AC77095F}.Release|x64.ActiveCfg = Release|Any CPU
		{30DA315E-C281-4998-8796-6261AC77095F}.Release|x64.Build.0 = Release|Any CPU
		{30DA315E-C281-4998-8796-6261AC77095F}.Release|x86.ActiveCfg = Release|Any CPU
		{30DA315E-C281-4998-8796-6261AC77095F}.Release|x86.Build.0 = Release|Any CPU
		{96826A95-B6D0-4FA9-A136-35A4940E7A32}.Debug|Any CPU.ActiveCfg = Debug|Any CPU
		{96826A95-B6D0-4FA9-A136-35A4940E7A32}.Debug|Any CPU.Build.0 = Debug|Any CPU
		{96826A95-B6D0-4FA9-A136-35A4940E7A32}.Debug|x64.ActiveCfg = Debug|Any CPU
		{96826A95-B6D0-4FA9-A136-35A4940E7A32}.Debug|x64.Build.0 = Debug|Any CPU
		{96826A95-B6D0-4FA9-A136-35A4940E7A32}.Debug|x86.ActiveCfg = Debug|Any CPU
		{96826A95-B6D0-4FA9-A136-35A4940E7A32}.Debug|x86.Build.0 = Debug|Any CPU
		{96826A95-B6D0-4FA9-A136-35A4940E7A32}.Release|Any CPU.ActiveCfg = Release|Any CPU
		{96826A95-B6D0-4FA9-A136-35A4940E7A32}.Release|Any CPU.Build.0 = Release|Any CPU
		{96826A95-B6D0-4FA9-A136-35A4940E7A32}.Release|x64.ActiveCfg = Release|Any CPU
		{96826A95-B6D0-4FA9-A136-35A4940E7A32}.Release|x64.Build.0 = Release|Any CPU
		{96826A95-B6D0-4FA9-A136-35A4940E7A32}.Release|x86.ActiveCfg = Release|Any CPU
		{96826A95-B6D0-4FA9-A136-35A4940E7A32}.Release|x86.Build.0 = Release|Any CPU
		{1F09B722-DB87-403B-98BE-1CB42C45BAF5}.Debug|Any CPU.ActiveCfg = Debug|Any CPU
		{1F09B722-DB87-403B-98BE-1CB42C45BAF5}.Debug|Any CPU.Build.0 = Debug|Any CPU
		{1F09B722-DB87-403B-98BE-1CB42C45BAF5}.Debug|x64.ActiveCfg = Debug|Any CPU
		{1F09B722-DB87-403B-98BE-1CB42C45BAF5}.Debug|x64.Build.0 = Debug|Any CPU
		{1F09B722-DB87-403B-98BE-1CB42C45BAF5}.Debug|x86.ActiveCfg = Debug|Any CPU
		{1F09B722-DB87-403B-98BE-1CB42C45BAF5}.Debug|x86.Build.0 = Debug|Any CPU
		{1F09B722-DB87-403B-98BE-1CB42C45BAF5}.Release|Any CPU.ActiveCfg = Release|Any CPU
		{1F09B722-DB87-403B-98BE-1CB42C45BAF5}.Release|Any CPU.Build.0 = Release|Any CPU
		{1F09B722-DB87-403B-98BE-1CB42C45BAF5}.Release|x64.ActiveCfg = Release|Any CPU
		{1F09B722-DB87-403B-98BE-1CB42C45BAF5}.Release|x64.Build.0 = Release|Any CPU
		{1F09B722-DB87-403B-98BE-1CB42C45BAF5}.Release|x86.ActiveCfg = Release|Any CPU
		{1F09B722-DB87-403B-98BE-1CB42C45BAF5}.Release|x86.Build.0 = Release|Any CPU
		{555CF55A-D4D8-4DD9-A736-88FF9D5AC423}.Debug|Any CPU.ActiveCfg = Debug|Any CPU
		{555CF55A-D4D8-4DD9-A736-88FF9D5AC423}.Debug|Any CPU.Build.0 = Debug|Any CPU
		{555CF55A-D4D8-4DD9-A736-88FF9D5AC423}.Debug|x64.ActiveCfg = Debug|Any CPU
		{555CF55A-D4D8-4DD9-A736-88FF9D5AC423}.Debug|x64.Build.0 = Debug|Any CPU
		{555CF55A-D4D8-4DD9-A736-88FF9D5AC423}.Debug|x86.ActiveCfg = Debug|Any CPU
		{555CF55A-D4D8-4DD9-A736-88FF9D5AC423}.Debug|x86.Build.0 = Debug|Any CPU
		{555CF55A-D4D8-4DD9-A736-88FF9D5AC423}.Release|Any CPU.ActiveCfg = Release|Any CPU
		{555CF55A-D4D8-4DD9-A736-88FF9D5AC423}.Release|Any CPU.Build.0 = Release|Any CPU
		{555CF55A-D4D8-4DD9-A736-88FF9D5AC423}.Release|x64.ActiveCfg = Release|Any CPU
		{555CF55A-D4D8-4DD9-A736-88FF9D5AC423}.Release|x64.Build.0 = Release|Any CPU
		{555CF55A-D4D8-4DD9-A736-88FF9D5AC423}.Release|x86.ActiveCfg = Release|Any CPU
		{555CF55A-D4D8-4DD9-A736-88FF9D5AC423}.Release|x86.Build.0 = Release|Any CPU
		{11AE48A2-8E9F-40FC-963C-6566F1E538C4}.Debug|Any CPU.ActiveCfg = Debug|Any CPU
		{11AE48A2-8E9F-40FC-963C-6566F1E538C4}.Debug|Any CPU.Build.0 = Debug|Any CPU
		{11AE48A2-8E9F-40FC-963C-6566F1E538C4}.Debug|x64.ActiveCfg = Debug|Any CPU
		{11AE48A2-8E9F-40FC-963C-6566F1E538C4}.Debug|x64.Build.0 = Debug|Any CPU
		{11AE48A2-8E9F-40FC-963C-6566F1E538C4}.Debug|x86.ActiveCfg = Debug|Any CPU
		{11AE48A2-8E9F-40FC-963C-6566F1E538C4}.Debug|x86.Build.0 = Debug|Any CPU
		{11AE48A2-8E9F-40FC-963C-6566F1E538C4}.Release|Any CPU.ActiveCfg = Release|Any CPU
		{11AE48A2-8E9F-40FC-963C-6566F1E538C4}.Release|Any CPU.Build.0 = Release|Any CPU
		{11AE48A2-8E9F-40FC-963C-6566F1E538C4}.Release|x64.ActiveCfg = Release|Any CPU
		{11AE48A2-8E9F-40FC-963C-6566F1E538C4}.Release|x64.Build.0 = Release|Any CPU
		{11AE48A2-8E9F-40FC-963C-6566F1E538C4}.Release|x86.ActiveCfg = Release|Any CPU
		{11AE48A2-8E9F-40FC-963C-6566F1E538C4}.Release|x86.Build.0 = Release|Any CPU
		{453D0E66-56EE-49C6-8CB7-F222D7C57F32}.Debug|Any CPU.ActiveCfg = Debug|Any CPU
		{453D0E66-56EE-49C6-8CB7-F222D7C57F32}.Debug|Any CPU.Build.0 = Debug|Any CPU
		{453D0E66-56EE-49C6-8CB7-F222D7C57F32}.Debug|x64.ActiveCfg = Debug|Any CPU
		{453D0E66-56EE-49C6-8CB7-F222D7C57F32}.Debug|x64.Build.0 = Debug|Any CPU
		{453D0E66-56EE-49C6-8CB7-F222D7C57F32}.Debug|x86.ActiveCfg = Debug|Any CPU
		{453D0E66-56EE-49C6-8CB7-F222D7C57F32}.Debug|x86.Build.0 = Debug|Any CPU
		{453D0E66-56EE-49C6-8CB7-F222D7C57F32}.Release|Any CPU.ActiveCfg = Release|Any CPU
		{453D0E66-56EE-49C6-8CB7-F222D7C57F32}.Release|Any CPU.Build.0 = Release|Any CPU
		{453D0E66-56EE-49C6-8CB7-F222D7C57F32}.Release|x64.ActiveCfg = Release|Any CPU
		{453D0E66-56EE-49C6-8CB7-F222D7C57F32}.Release|x64.Build.0 = Release|Any CPU
		{453D0E66-56EE-49C6-8CB7-F222D7C57F32}.Release|x86.ActiveCfg = Release|Any CPU
		{453D0E66-56EE-49C6-8CB7-F222D7C57F32}.Release|x86.Build.0 = Release|Any CPU
		{F2E61222-5F5F-4CC8-8460-223C44BD355B}.Debug|Any CPU.ActiveCfg = Debug|Any CPU
		{F2E61222-5F5F-4CC8-8460-223C44BD355B}.Debug|Any CPU.Build.0 = Debug|Any CPU
		{F2E61222-5F5F-4CC8-8460-223C44BD355B}.Debug|x64.ActiveCfg = Debug|Any CPU
		{F2E61222-5F5F-4CC8-8460-223C44BD355B}.Debug|x64.Build.0 = Debug|Any CPU
		{F2E61222-5F5F-4CC8-8460-223C44BD355B}.Debug|x86.ActiveCfg = Debug|Any CPU
		{F2E61222-5F5F-4CC8-8460-223C44BD355B}.Debug|x86.Build.0 = Debug|Any CPU
		{F2E61222-5F5F-4CC8-8460-223C44BD355B}.Release|Any CPU.ActiveCfg = Release|Any CPU
		{F2E61222-5F5F-4CC8-8460-223C44BD355B}.Release|Any CPU.Build.0 = Release|Any CPU
		{F2E61222-5F5F-4CC8-8460-223C44BD355B}.Release|x64.ActiveCfg = Release|Any CPU
		{F2E61222-5F5F-4CC8-8460-223C44BD355B}.Release|x64.Build.0 = Release|Any CPU
		{F2E61222-5F5F-4CC8-8460-223C44BD355B}.Release|x86.ActiveCfg = Release|Any CPU
		{F2E61222-5F5F-4CC8-8460-223C44BD355B}.Release|x86.Build.0 = Release|Any CPU
		{8BE4D812-D476-424F-836E-D6BABA6247E3}.Debug|Any CPU.ActiveCfg = Debug|Any CPU
		{8BE4D812-D476-424F-836E-D6BABA6247E3}.Debug|Any CPU.Build.0 = Debug|Any CPU
		{8BE4D812-D476-424F-836E-D6BABA6247E3}.Debug|x64.ActiveCfg = Debug|Any CPU
		{8BE4D812-D476-424F-836E-D6BABA6247E3}.Debug|x64.Build.0 = Debug|Any CPU
		{8BE4D812-D476-424F-836E-D6BABA6247E3}.Debug|x86.ActiveCfg = Debug|Any CPU
		{8BE4D812-D476-424F-836E-D6BABA6247E3}.Debug|x86.Build.0 = Debug|Any CPU
		{8BE4D812-D476-424F-836E-D6BABA6247E3}.Release|Any CPU.ActiveCfg = Release|Any CPU
		{8BE4D812-D476-424F-836E-D6BABA6247E3}.Release|Any CPU.Build.0 = Release|Any CPU
		{8BE4D812-D476-424F-836E-D6BABA6247E3}.Release|x64.ActiveCfg = Release|Any CPU
		{8BE4D812-D476-424F-836E-D6BABA6247E3}.Release|x64.Build.0 = Release|Any CPU
		{8BE4D812-D476-424F-836E-D6BABA6247E3}.Release|x86.ActiveCfg = Release|Any CPU
		{8BE4D812-D476-424F-836E-D6BABA6247E3}.Release|x86.Build.0 = Release|Any CPU
		{B7766A25-82D1-4384-9E58-B1A43A80BDAB}.Debug|Any CPU.ActiveCfg = Debug|Any CPU
		{B7766A25-82D1-4384-9E58-B1A43A80BDAB}.Debug|Any CPU.Build.0 = Debug|Any CPU
		{B7766A25-82D1-4384-9E58-B1A43A80BDAB}.Debug|x64.ActiveCfg = Debug|Any CPU
		{B7766A25-82D1-4384-9E58-B1A43A80BDAB}.Debug|x64.Build.0 = Debug|Any CPU
		{B7766A25-82D1-4384-9E58-B1A43A80BDAB}.Debug|x86.ActiveCfg = Debug|Any CPU
		{B7766A25-82D1-4384-9E58-B1A43A80BDAB}.Debug|x86.Build.0 = Debug|Any CPU
		{B7766A25-82D1-4384-9E58-B1A43A80BDAB}.Release|Any CPU.ActiveCfg = Release|Any CPU
		{B7766A25-82D1-4384-9E58-B1A43A80BDAB}.Release|Any CPU.Build.0 = Release|Any CPU
		{B7766A25-82D1-4384-9E58-B1A43A80BDAB}.Release|x64.ActiveCfg = Release|Any CPU
		{B7766A25-82D1-4384-9E58-B1A43A80BDAB}.Release|x64.Build.0 = Release|Any CPU
		{B7766A25-82D1-4384-9E58-B1A43A80BDAB}.Release|x86.ActiveCfg = Release|Any CPU
		{B7766A25-82D1-4384-9E58-B1A43A80BDAB}.Release|x86.Build.0 = Release|Any CPU
		{D53AC57B-28FC-4C32-9381-5E610AD7B372}.Debug|Any CPU.ActiveCfg = Debug|Any CPU
		{D53AC57B-28FC-4C32-9381-5E610AD7B372}.Debug|Any CPU.Build.0 = Debug|Any CPU
		{D53AC57B-28FC-4C32-9381-5E610AD7B372}.Debug|x64.ActiveCfg = Debug|Any CPU
		{D53AC57B-28FC-4C32-9381-5E610AD7B372}.Debug|x64.Build.0 = Debug|Any CPU
		{D53AC57B-28FC-4C32-9381-5E610AD7B372}.Debug|x86.ActiveCfg = Debug|Any CPU
		{D53AC57B-28FC-4C32-9381-5E610AD7B372}.Debug|x86.Build.0 = Debug|Any CPU
		{D53AC57B-28FC-4C32-9381-5E610AD7B372}.Release|Any CPU.ActiveCfg = Release|Any CPU
		{D53AC57B-28FC-4C32-9381-5E610AD7B372}.Release|Any CPU.Build.0 = Release|Any CPU
		{D53AC57B-28FC-4C32-9381-5E610AD7B372}.Release|x64.ActiveCfg = Release|Any CPU
		{D53AC57B-28FC-4C32-9381-5E610AD7B372}.Release|x64.Build.0 = Release|Any CPU
		{D53AC57B-28FC-4C32-9381-5E610AD7B372}.Release|x86.ActiveCfg = Release|Any CPU
		{D53AC57B-28FC-4C32-9381-5E610AD7B372}.Release|x86.Build.0 = Release|Any CPU
		{4998C9C5-9D43-43CE-B3E4-84C24DEDE816}.Debug|Any CPU.ActiveCfg = Debug|Any CPU
		{4998C9C5-9D43-43CE-B3E4-84C24DEDE816}.Debug|Any CPU.Build.0 = Debug|Any CPU
		{4998C9C5-9D43-43CE-B3E4-84C24DEDE816}.Debug|x64.ActiveCfg = Debug|Any CPU
		{4998C9C5-9D43-43CE-B3E4-84C24DEDE816}.Debug|x64.Build.0 = Debug|Any CPU
		{4998C9C5-9D43-43CE-B3E4-84C24DEDE816}.Debug|x86.ActiveCfg = Debug|Any CPU
		{4998C9C5-9D43-43CE-B3E4-84C24DEDE816}.Debug|x86.Build.0 = Debug|Any CPU
		{4998C9C5-9D43-43CE-B3E4-84C24DEDE816}.Release|Any CPU.ActiveCfg = Release|Any CPU
		{4998C9C5-9D43-43CE-B3E4-84C24DEDE816}.Release|Any CPU.Build.0 = Release|Any CPU
		{4998C9C5-9D43-43CE-B3E4-84C24DEDE816}.Release|x64.ActiveCfg = Release|Any CPU
		{4998C9C5-9D43-43CE-B3E4-84C24DEDE816}.Release|x64.Build.0 = Release|Any CPU
		{4998C9C5-9D43-43CE-B3E4-84C24DEDE816}.Release|x86.ActiveCfg = Release|Any CPU
		{4998C9C5-9D43-43CE-B3E4-84C24DEDE816}.Release|x86.Build.0 = Release|Any CPU
		{E4E8B1B8-782B-457A-918F-898962E7669C}.Debug|Any CPU.ActiveCfg = Debug|Any CPU
		{E4E8B1B8-782B-457A-918F-898962E7669C}.Debug|Any CPU.Build.0 = Debug|Any CPU
		{E4E8B1B8-782B-457A-918F-898962E7669C}.Debug|x64.ActiveCfg = Debug|Any CPU
		{E4E8B1B8-782B-457A-918F-898962E7669C}.Debug|x64.Build.0 = Debug|Any CPU
		{E4E8B1B8-782B-457A-918F-898962E7669C}.Debug|x86.ActiveCfg = Debug|Any CPU
		{E4E8B1B8-782B-457A-918F-898962E7669C}.Debug|x86.Build.0 = Debug|Any CPU
		{E4E8B1B8-782B-457A-918F-898962E7669C}.Release|Any CPU.ActiveCfg = Release|Any CPU
		{E4E8B1B8-782B-457A-918F-898962E7669C}.Release|Any CPU.Build.0 = Release|Any CPU
		{E4E8B1B8-782B-457A-918F-898962E7669C}.Release|x64.ActiveCfg = Release|Any CPU
		{E4E8B1B8-782B-457A-918F-898962E7669C}.Release|x64.Build.0 = Release|Any CPU
		{E4E8B1B8-782B-457A-918F-898962E7669C}.Release|x86.ActiveCfg = Release|Any CPU
		{E4E8B1B8-782B-457A-918F-898962E7669C}.Release|x86.Build.0 = Release|Any CPU
	EndGlobalSection
	GlobalSection(SolutionProperties) = preSolution
		HideSolutionNode = FALSE
	EndGlobalSection
	GlobalSection(ExtensibilityGlobals) = postSolution
		SolutionGuid = {9E46E3B5-6024-4614-BC88-43D2185CF025}
	EndGlobalSection
EndGlobal
